// !$*UTF8*$!
{
	archiveVersion = 1;
	classes = {
	};
	objectVersion = 48;
	objects = {

/* Begin PBXBuildFile section */
		5132868F1F74E4E8004C6A8B /* explosion.mp3 in Resources */ = {isa = PBXBuildFile; fileRef = 5132868E1F74E3E9004C6A8B /* explosion.mp3 */; };
		513286921F74EF45004C6A8B /* MultiplayerServiceManager.swift in Sources */ = {isa = PBXBuildFile; fileRef = 513286911F74EF45004C6A8B /* MultiplayerServiceManager.swift */; };
		51428C181F7D1D5400DD7286 /* GameSceneLocal.swift in Sources */ = {isa = PBXBuildFile; fileRef = 51428C171F7D1D5400DD7286 /* GameSceneLocal.swift */; };
		51960BAE1F791D870059ED2D /* GameOverScene.swift in Sources */ = {isa = PBXBuildFile; fileRef = 51960BAD1F791D870059ED2D /* GameOverScene.swift */; };
		7157C2BF1F7B895000688F96 /* GameState.swift in Sources */ = {isa = PBXBuildFile; fileRef = 7157C2BE1F7B895000688F96 /* GameState.swift */; };
		7157C2C31F7BB15000688F96 /* CalcFlugbahn.swift in Sources */ = {isa = PBXBuildFile; fileRef = 7157C2C21F7BB15000688F96 /* CalcFlugbahn.swift */; };
		716410B11F73A21400E106B4 /* AppDelegate.swift in Sources */ = {isa = PBXBuildFile; fileRef = 716410B01F73A21400E106B4 /* AppDelegate.swift */; };
		716410B31F73A21400E106B4 /* GameScene.sks in Resources */ = {isa = PBXBuildFile; fileRef = 716410B21F73A21400E106B4 /* GameScene.sks */; };
		716410B51F73A21400E106B4 /* Actions.sks in Resources */ = {isa = PBXBuildFile; fileRef = 716410B41F73A21400E106B4 /* Actions.sks */; };
		716410B71F73A21400E106B4 /* GameScene.swift in Sources */ = {isa = PBXBuildFile; fileRef = 716410B61F73A21400E106B4 /* GameScene.swift */; };
		716410B91F73A21400E106B4 /* GameViewController.swift in Sources */ = {isa = PBXBuildFile; fileRef = 716410B81F73A21400E106B4 /* GameViewController.swift */; };
		716410BC1F73A21400E106B4 /* Main.storyboard in Resources */ = {isa = PBXBuildFile; fileRef = 716410BA1F73A21400E106B4 /* Main.storyboard */; };
		716410BE1F73A21400E106B4 /* Assets.xcassets in Resources */ = {isa = PBXBuildFile; fileRef = 716410BD1F73A21400E106B4 /* Assets.xcassets */; };
		716410C11F73A21400E106B4 /* LaunchScreen.storyboard in Resources */ = {isa = PBXBuildFile; fileRef = 716410BF1F73A21400E106B4 /* LaunchScreen.storyboard */; };
		716DBAA81F7A37F1001B8622 /* Player.swift in Sources */ = {isa = PBXBuildFile; fileRef = 716DBAA71F7A37F1001B8622 /* Player.swift */; };
		717F43E11F7D204500A0554B /* LocalGameController.swift in Sources */ = {isa = PBXBuildFile; fileRef = 717F43E01F7D204500A0554B /* LocalGameController.swift */; };
		717F43E21F7D23A700A0554B /* GameSceneLocal.sks in Resources */ = {isa = PBXBuildFile; fileRef = 51428C191F7D1D7400DD7286 /* GameSceneLocal.sks */; };
		717F43E41F7D242F00A0554B /* LocalGameOver.swift in Sources */ = {isa = PBXBuildFile; fileRef = 717F43E31F7D242F00A0554B /* LocalGameOver.swift */; };
		71B3FDC91F790158006A5822 /* ConnectionsVC.swift in Sources */ = {isa = PBXBuildFile; fileRef = 71B3FDC81F790158006A5822 /* ConnectionsVC.swift */; };
		71B3FDCD1F790546006A5822 /* PlayerCell.swift in Sources */ = {isa = PBXBuildFile; fileRef = 71B3FDCC1F790546006A5822 /* PlayerCell.swift */; };
/* End PBXBuildFile section */

/* Begin PBXFileReference section */
		5132868E1F74E3E9004C6A8B /* explosion.mp3 */ = {isa = PBXFileReference; lastKnownFileType = audio.mp3; path = explosion.mp3; sourceTree = "<group>"; };
		513286911F74EF45004C6A8B /* MultiplayerServiceManager.swift */ = {isa = PBXFileReference; lastKnownFileType = sourcecode.swift; path = MultiplayerServiceManager.swift; sourceTree = "<group>"; };
		51428C171F7D1D5400DD7286 /* GameSceneLocal.swift */ = {isa = PBXFileReference; lastKnownFileType = sourcecode.swift; path = GameSceneLocal.swift; sourceTree = "<group>"; };
		51428C191F7D1D7400DD7286 /* GameSceneLocal.sks */ = {isa = PBXFileReference; lastKnownFileType = file.sks; path = GameSceneLocal.sks; sourceTree = "<group>"; };
		51960BAD1F791D870059ED2D /* GameOverScene.swift */ = {isa = PBXFileReference; lastKnownFileType = sourcecode.swift; path = GameOverScene.swift; sourceTree = "<group>"; };
		7157C2BE1F7B895000688F96 /* GameState.swift */ = {isa = PBXFileReference; lastKnownFileType = sourcecode.swift; path = GameState.swift; sourceTree = "<group>"; };
		7157C2C21F7BB15000688F96 /* CalcFlugbahn.swift */ = {isa = PBXFileReference; lastKnownFileType = sourcecode.swift; path = CalcFlugbahn.swift; sourceTree = "<group>"; };
		716410AD1F73A21400E106B4 /* BurningNut.app */ = {isa = PBXFileReference; explicitFileType = wrapper.application; includeInIndex = 0; path = BurningNut.app; sourceTree = BUILT_PRODUCTS_DIR; };
		716410B01F73A21400E106B4 /* AppDelegate.swift */ = {isa = PBXFileReference; lastKnownFileType = sourcecode.swift; path = AppDelegate.swift; sourceTree = "<group>"; };
		716410B21F73A21400E106B4 /* GameScene.sks */ = {isa = PBXFileReference; lastKnownFileType = file.sks; path = GameScene.sks; sourceTree = "<group>"; };
		716410B41F73A21400E106B4 /* Actions.sks */ = {isa = PBXFileReference; lastKnownFileType = file.sks; path = Actions.sks; sourceTree = "<group>"; };
		716410B61F73A21400E106B4 /* GameScene.swift */ = {isa = PBXFileReference; lastKnownFileType = sourcecode.swift; path = GameScene.swift; sourceTree = "<group>"; };
		716410B81F73A21400E106B4 /* GameViewController.swift */ = {isa = PBXFileReference; lastKnownFileType = sourcecode.swift; path = GameViewController.swift; sourceTree = "<group>"; };
		716410BB1F73A21400E106B4 /* Base */ = {isa = PBXFileReference; lastKnownFileType = file.storyboard; name = Base; path = Base.lproj/Main.storyboard; sourceTree = "<group>"; };
		716410BD1F73A21400E106B4 /* Assets.xcassets */ = {isa = PBXFileReference; lastKnownFileType = folder.assetcatalog; path = Assets.xcassets; sourceTree = "<group>"; };
		716410C01F73A21400E106B4 /* Base */ = {isa = PBXFileReference; lastKnownFileType = file.storyboard; name = Base; path = Base.lproj/LaunchScreen.storyboard; sourceTree = "<group>"; };
		716410C21F73A21400E106B4 /* Info.plist */ = {isa = PBXFileReference; lastKnownFileType = text.plist.xml; path = Info.plist; sourceTree = "<group>"; };
		716DBAA71F7A37F1001B8622 /* Player.swift */ = {isa = PBXFileReference; lastKnownFileType = sourcecode.swift; path = Player.swift; sourceTree = "<group>"; };
		717F43E01F7D204500A0554B /* LocalGameController.swift */ = {isa = PBXFileReference; lastKnownFileType = sourcecode.swift; path = LocalGameController.swift; sourceTree = "<group>"; };
		717F43E31F7D242F00A0554B /* LocalGameOver.swift */ = {isa = PBXFileReference; lastKnownFileType = sourcecode.swift; path = LocalGameOver.swift; sourceTree = "<group>"; };
		71B3FDC81F790158006A5822 /* ConnectionsVC.swift */ = {isa = PBXFileReference; lastKnownFileType = sourcecode.swift; path = ConnectionsVC.swift; sourceTree = "<group>"; };
		71B3FDCC1F790546006A5822 /* PlayerCell.swift */ = {isa = PBXFileReference; lastKnownFileType = sourcecode.swift; path = PlayerCell.swift; sourceTree = "<group>"; };
/* End PBXFileReference section */

/* Begin PBXFrameworksBuildPhase section */
		716410AA1F73A21400E106B4 /* Frameworks */ = {
			isa = PBXFrameworksBuildPhase;
			buildActionMask = 2147483647;
			files = (
			);
			runOnlyForDeploymentPostprocessing = 0;
		};
/* End PBXFrameworksBuildPhase section */

/* Begin PBXGroup section */
		5132868D1F74E3DA004C6A8B /* sounds */ = {
			isa = PBXGroup;
			children = (
				5132868E1F74E3E9004C6A8B /* explosion.mp3 */,
			);
			path = sounds;
			sourceTree = "<group>";
		};
		513286901F74EB5C004C6A8B /* Controller */ = {
			isa = PBXGroup;
			children = (
				716410B81F73A21400E106B4 /* GameViewController.swift */,
				71B3FDC81F790158006A5822 /* ConnectionsVC.swift */,
				717F43E01F7D204500A0554B /* LocalGameController.swift */,
			);
			path = Controller;
			sourceTree = "<group>";
		};
		513286931F74F188004C6A8B /* Model */ = {
			isa = PBXGroup;
			children = (
				513286911F74EF45004C6A8B /* MultiplayerServiceManager.swift */,
				716DBAA71F7A37F1001B8622 /* Player.swift */,
				7157C2BE1F7B895000688F96 /* GameState.swift */,
				7157C2C21F7BB15000688F96 /* CalcFlugbahn.swift */,
			);
			path = Model;
			sourceTree = "<group>";
		};
		7157C2C01F7B8B1300688F96 /* Scenes */ = {
			isa = PBXGroup;
			children = (
				716410B61F73A21400E106B4 /* GameScene.swift */,
				51960BAD1F791D870059ED2D /* GameOverScene.swift */,
				51428C171F7D1D5400DD7286 /* GameSceneLocal.swift */,
				717F43E31F7D242F00A0554B /* LocalGameOver.swift */,
			);
			path = Scenes;
			sourceTree = "<group>";
		};
		7157C2C11F7B8B3400688F96 /* SpriteKit Scenes */ = {
			isa = PBXGroup;
			children = (
				51428C191F7D1D7400DD7286 /* GameSceneLocal.sks */,
				716410B21F73A21400E106B4 /* GameScene.sks */,
				716410B41F73A21400E106B4 /* Actions.sks */,
			);
			path = "SpriteKit Scenes";
			sourceTree = "<group>";
		};
		716410A41F73A21400E106B4 = {
			isa = PBXGroup;
			children = (
				716410AF1F73A21400E106B4 /* BurningNut */,
				716410AE1F73A21400E106B4 /* Products */,
			);
			sourceTree = "<group>";
		};
		716410AE1F73A21400E106B4 /* Products */ = {
			isa = PBXGroup;
			children = (
				716410AD1F73A21400E106B4 /* BurningNut.app */,
			);
			name = Products;
			sourceTree = "<group>";
		};
		716410AF1F73A21400E106B4 /* BurningNut */ = {
			isa = PBXGroup;
			children = (
				7157C2C11F7B8B3400688F96 /* SpriteKit Scenes */,
				7157C2C01F7B8B1300688F96 /* Scenes */,
				71B3FDC71F79002D006A5822 /* View */,
				513286931F74F188004C6A8B /* Model */,
				513286901F74EB5C004C6A8B /* Controller */,
				5132868D1F74E3DA004C6A8B /* sounds */,
				716410B01F73A21400E106B4 /* AppDelegate.swift */,
				716410BD1F73A21400E106B4 /* Assets.xcassets */,
				716410BA1F73A21400E106B4 /* Main.storyboard */,
				716410BF1F73A21400E106B4 /* LaunchScreen.storyboard */,
				716410C21F73A21400E106B4 /* Info.plist */,
			);
			path = BurningNut;
			sourceTree = "<group>";
		};
		71B3FDC71F79002D006A5822 /* View */ = {
			isa = PBXGroup;
			children = (
				71B3FDCC1F790546006A5822 /* PlayerCell.swift */,
			);
			path = View;
			sourceTree = "<group>";
		};
/* End PBXGroup section */

/* Begin PBXNativeTarget section */
		716410AC1F73A21400E106B4 /* BurningNut */ = {
			isa = PBXNativeTarget;
			buildConfigurationList = 716410C51F73A21400E106B4 /* Build configuration list for PBXNativeTarget "BurningNut" */;
			buildPhases = (
				716410A91F73A21400E106B4 /* Sources */,
				716410AA1F73A21400E106B4 /* Frameworks */,
				716410AB1F73A21400E106B4 /* Resources */,
			);
			buildRules = (
			);
			dependencies = (
			);
			name = BurningNut;
			productName = BurningNut;
			productReference = 716410AD1F73A21400E106B4 /* BurningNut.app */;
			productType = "com.apple.product-type.application";
		};
/* End PBXNativeTarget section */

/* Begin PBXProject section */
		716410A51F73A21400E106B4 /* Project object */ = {
			isa = PBXProject;
			attributes = {
				LastSwiftUpdateCheck = 0900;
				LastUpgradeCheck = 0900;
				ORGANIZATIONNAME = "Tim Olbrich";
				TargetAttributes = {
					716410AC1F73A21400E106B4 = {
						CreatedOnToolsVersion = 9.0;
						ProvisioningStyle = Automatic;
					};
				};
			};
			buildConfigurationList = 716410A81F73A21400E106B4 /* Build configuration list for PBXProject "BurningNut" */;
			compatibilityVersion = "Xcode 8.0";
			developmentRegion = en;
			hasScannedForEncodings = 0;
			knownRegions = (
				en,
				Base,
			);
			mainGroup = 716410A41F73A21400E106B4;
			productRefGroup = 716410AE1F73A21400E106B4 /* Products */;
			projectDirPath = "";
			projectRoot = "";
			targets = (
				716410AC1F73A21400E106B4 /* BurningNut */,
			);
		};
/* End PBXProject section */

/* Begin PBXResourcesBuildPhase section */
		716410AB1F73A21400E106B4 /* Resources */ = {
			isa = PBXResourcesBuildPhase;
			buildActionMask = 2147483647;
			files = (
				5132868F1F74E4E8004C6A8B /* explosion.mp3 in Resources */,
				716410BC1F73A21400E106B4 /* Main.storyboard in Resources */,
				717F43E21F7D23A700A0554B /* GameSceneLocal.sks in Resources */,
				716410B31F73A21400E106B4 /* GameScene.sks in Resources */,
				716410BE1F73A21400E106B4 /* Assets.xcassets in Resources */,
				716410C11F73A21400E106B4 /* LaunchScreen.storyboard in Resources */,
				716410B51F73A21400E106B4 /* Actions.sks in Resources */,
			);
			runOnlyForDeploymentPostprocessing = 0;
		};
/* End PBXResourcesBuildPhase section */

/* Begin PBXSourcesBuildPhase section */
		716410A91F73A21400E106B4 /* Sources */ = {
			isa = PBXSourcesBuildPhase;
			buildActionMask = 2147483647;
			files = (
				51428C181F7D1D5400DD7286 /* GameSceneLocal.swift in Sources */,
				717F43E11F7D204500A0554B /* LocalGameController.swift in Sources */,
				71B3FDCD1F790546006A5822 /* PlayerCell.swift in Sources */,
				716410B71F73A21400E106B4 /* GameScene.swift in Sources */,
				51960BAE1F791D870059ED2D /* GameOverScene.swift in Sources */,
				513286921F74EF45004C6A8B /* MultiplayerServiceManager.swift in Sources */,
				717F43E41F7D242F00A0554B /* LocalGameOver.swift in Sources */,
				716DBAA81F7A37F1001B8622 /* Player.swift in Sources */,
				7157C2C31F7BB15000688F96 /* CalcFlugbahn.swift in Sources */,
				7157C2BF1F7B895000688F96 /* GameState.swift in Sources */,
				716410B91F73A21400E106B4 /* GameViewController.swift in Sources */,
				71B3FDC91F790158006A5822 /* ConnectionsVC.swift in Sources */,
				716410B11F73A21400E106B4 /* AppDelegate.swift in Sources */,
			);
			runOnlyForDeploymentPostprocessing = 0;
		};
/* End PBXSourcesBuildPhase section */

/* Begin PBXVariantGroup section */
		716410BA1F73A21400E106B4 /* Main.storyboard */ = {
			isa = PBXVariantGroup;
			children = (
				716410BB1F73A21400E106B4 /* Base */,
			);
			name = Main.storyboard;
			sourceTree = "<group>";
		};
		716410BF1F73A21400E106B4 /* LaunchScreen.storyboard */ = {
			isa = PBXVariantGroup;
			children = (
				716410C01F73A21400E106B4 /* Base */,
			);
			name = LaunchScreen.storyboard;
			sourceTree = "<group>";
		};
/* End PBXVariantGroup section */

/* Begin XCBuildConfiguration section */
		716410C31F73A21400E106B4 /* Debug */ = {
			isa = XCBuildConfiguration;
			buildSettings = {
				ALWAYS_SEARCH_USER_PATHS = NO;
				CLANG_ANALYZER_NONNULL = YES;
				CLANG_ANALYZER_NUMBER_OBJECT_CONVERSION = YES_AGGRESSIVE;
				CLANG_CXX_LANGUAGE_STANDARD = "gnu++14";
				CLANG_CXX_LIBRARY = "libc++";
				CLANG_ENABLE_MODULES = YES;
				CLANG_ENABLE_OBJC_ARC = YES;
				CLANG_WARN_BLOCK_CAPTURE_AUTORELEASING = YES;
				CLANG_WARN_BOOL_CONVERSION = YES;
				CLANG_WARN_COMMA = YES;
				CLANG_WARN_CONSTANT_CONVERSION = YES;
				CLANG_WARN_DIRECT_OBJC_ISA_USAGE = YES_ERROR;
				CLANG_WARN_DOCUMENTATION_COMMENTS = YES;
				CLANG_WARN_EMPTY_BODY = YES;
				CLANG_WARN_ENUM_CONVERSION = YES;
				CLANG_WARN_INFINITE_RECURSION = YES;
				CLANG_WARN_INT_CONVERSION = YES;
				CLANG_WARN_NON_LITERAL_NULL_CONVERSION = YES;
				CLANG_WARN_OBJC_LITERAL_CONVERSION = YES;
				CLANG_WARN_OBJC_ROOT_CLASS = YES_ERROR;
				CLANG_WARN_RANGE_LOOP_ANALYSIS = YES;
				CLANG_WARN_STRICT_PROTOTYPES = YES;
				CLANG_WARN_SUSPICIOUS_MOVE = YES;
				CLANG_WARN_UNGUARDED_AVAILABILITY = YES_AGGRESSIVE;
				CLANG_WARN_UNREACHABLE_CODE = YES;
				CLANG_WARN__DUPLICATE_METHOD_MATCH = YES;
				CODE_SIGN_IDENTITY = "iPhone Developer";
				COPY_PHASE_STRIP = NO;
				DEBUG_INFORMATION_FORMAT = dwarf;
				ENABLE_STRICT_OBJC_MSGSEND = YES;
				ENABLE_TESTABILITY = YES;
				GCC_C_LANGUAGE_STANDARD = gnu11;
				GCC_DYNAMIC_NO_PIC = NO;
				GCC_NO_COMMON_BLOCKS = YES;
				GCC_OPTIMIZATION_LEVEL = 0;
				GCC_PREPROCESSOR_DEFINITIONS = (
					"DEBUG=1",
					"$(inherited)",
				);
				GCC_WARN_64_TO_32_BIT_CONVERSION = YES;
				GCC_WARN_ABOUT_RETURN_TYPE = YES_ERROR;
				GCC_WARN_UNDECLARED_SELECTOR = YES;
				GCC_WARN_UNINITIALIZED_AUTOS = YES_AGGRESSIVE;
				GCC_WARN_UNUSED_FUNCTION = YES;
				GCC_WARN_UNUSED_VARIABLE = YES;
				IPHONEOS_DEPLOYMENT_TARGET = 11.0;
				MTL_ENABLE_DEBUG_INFO = YES;
				ONLY_ACTIVE_ARCH = YES;
				SDKROOT = iphoneos;
				SWIFT_ACTIVE_COMPILATION_CONDITIONS = DEBUG;
				SWIFT_OPTIMIZATION_LEVEL = "-Onone";
			};
			name = Debug;
		};
		716410C41F73A21400E106B4 /* Release */ = {
			isa = XCBuildConfiguration;
			buildSettings = {
				ALWAYS_SEARCH_USER_PATHS = NO;
				CLANG_ANALYZER_NONNULL = YES;
				CLANG_ANALYZER_NUMBER_OBJECT_CONVERSION = YES_AGGRESSIVE;
				CLANG_CXX_LANGUAGE_STANDARD = "gnu++14";
				CLANG_CXX_LIBRARY = "libc++";
				CLANG_ENABLE_MODULES = YES;
				CLANG_ENABLE_OBJC_ARC = YES;
				CLANG_WARN_BLOCK_CAPTURE_AUTORELEASING = YES;
				CLANG_WARN_BOOL_CONVERSION = YES;
				CLANG_WARN_COMMA = YES;
				CLANG_WARN_CONSTANT_CONVERSION = YES;
				CLANG_WARN_DIRECT_OBJC_ISA_USAGE = YES_ERROR;
				CLANG_WARN_DOCUMENTATION_COMMENTS = YES;
				CLANG_WARN_EMPTY_BODY = YES;
				CLANG_WARN_ENUM_CONVERSION = YES;
				CLANG_WARN_INFINITE_RECURSION = YES;
				CLANG_WARN_INT_CONVERSION = YES;
				CLANG_WARN_NON_LITERAL_NULL_CONVERSION = YES;
				CLANG_WARN_OBJC_LITERAL_CONVERSION = YES;
				CLANG_WARN_OBJC_ROOT_CLASS = YES_ERROR;
				CLANG_WARN_RANGE_LOOP_ANALYSIS = YES;
				CLANG_WARN_STRICT_PROTOTYPES = YES;
				CLANG_WARN_SUSPICIOUS_MOVE = YES;
				CLANG_WARN_UNGUARDED_AVAILABILITY = YES_AGGRESSIVE;
				CLANG_WARN_UNREACHABLE_CODE = YES;
				CLANG_WARN__DUPLICATE_METHOD_MATCH = YES;
				CODE_SIGN_IDENTITY = "iPhone Developer";
				COPY_PHASE_STRIP = NO;
				DEBUG_INFORMATION_FORMAT = "dwarf-with-dsym";
				ENABLE_NS_ASSERTIONS = NO;
				ENABLE_STRICT_OBJC_MSGSEND = YES;
				GCC_C_LANGUAGE_STANDARD = gnu11;
				GCC_NO_COMMON_BLOCKS = YES;
				GCC_WARN_64_TO_32_BIT_CONVERSION = YES;
				GCC_WARN_ABOUT_RETURN_TYPE = YES_ERROR;
				GCC_WARN_UNDECLARED_SELECTOR = YES;
				GCC_WARN_UNINITIALIZED_AUTOS = YES_AGGRESSIVE;
				GCC_WARN_UNUSED_FUNCTION = YES;
				GCC_WARN_UNUSED_VARIABLE = YES;
				IPHONEOS_DEPLOYMENT_TARGET = 11.0;
				MTL_ENABLE_DEBUG_INFO = NO;
				SDKROOT = iphoneos;
				SWIFT_OPTIMIZATION_LEVEL = "-Owholemodule";
				VALIDATE_PRODUCT = YES;
			};
			name = Release;
		};
		716410C61F73A21400E106B4 /* Debug */ = {
			isa = XCBuildConfiguration;
			buildSettings = {
				ASSETCATALOG_COMPILER_APPICON_NAME = AppIcon;
				CODE_SIGN_STYLE = Automatic;
				DEVELOPMENT_TEAM = 44478YL93K;
				INFOPLIST_FILE = BurningNut/Info.plist;
				IPHONEOS_DEPLOYMENT_TARGET = 10.3;
				LD_RUNPATH_SEARCH_PATHS = "$(inherited) @executable_path/Frameworks";
				PRODUCT_BUNDLE_IDENTIFIER = TurboSoftwareSolutions.BurningNut;
				PRODUCT_NAME = "$(TARGET_NAME)";
				SWIFT_VERSION = 4.0;
				TARGETED_DEVICE_FAMILY = 1;
			};
			name = Debug;
		};
		716410C71F73A21400E106B4 /* Release */ = {
			isa = XCBuildConfiguration;
			buildSettings = {
				ASSETCATALOG_COMPILER_APPICON_NAME = AppIcon;
				CODE_SIGN_STYLE = Automatic;
				DEVELOPMENT_TEAM = 44478YL93K;
				INFOPLIST_FILE = BurningNut/Info.plist;
				IPHONEOS_DEPLOYMENT_TARGET = 10.3;
				LD_RUNPATH_SEARCH_PATHS = "$(inherited) @executable_path/Frameworks";
				PRODUCT_BUNDLE_IDENTIFIER = TurboSoftwareSolutions.BurningNut;
				PRODUCT_NAME = "$(TARGET_NAME)";
				SWIFT_VERSION = 4.0;
				TARGETED_DEVICE_FAMILY = 1;
			};
			name = Release;
		};
/* End XCBuildConfiguration section */

/* Begin XCConfigurationList section */
		716410A81F73A21400E106B4 /* Build configuration list for PBXProject "BurningNut" */ = {
			isa = XCConfigurationList;
			buildConfigurations = (
				716410C31F73A21400E106B4 /* Debug */,
				716410C41F73A21400E106B4 /* Release */,
			);
			defaultConfigurationIsVisible = 0;
			defaultConfigurationName = Release;
		};
		716410C51F73A21400E106B4 /* Build configuration list for PBXNativeTarget "BurningNut" */ = {
			isa = XCConfigurationList;
			buildConfigurations = (
				716410C61F73A21400E106B4 /* Debug */,
				716410C71F73A21400E106B4 /* Release */,
			);
			defaultConfigurationIsVisible = 0;
			defaultConfigurationName = Release;
		};
/* End XCConfigurationList section */
	};
	rootObject = 716410A51F73A21400E106B4 /* Project object */;
}
